PODS:
  - MetalPetal (0.8.2):
    - MetalPetal/Core (= 0.8.2)
  - MetalPetal/Core (0.8.2)
  - MetalPetalJS (0.1.0):
    - MetalPetal

DEPENDENCIES:
  - MetalPetalJS (from `../`)

SPEC REPOS:
  https://github.com/cocoapods/specs.git:
    - MetalPetal

EXTERNAL SOURCES:
  MetalPetalJS:
    :path: "../"

SPEC CHECKSUMS:
  MetalPetal: b56cc459b0e54acecbb58070c50cb9d2c0f984b2
  MetalPetalJS: bcb6335ff36a242c72193c2f127edda48bef7cc7

PODFILE CHECKSUM: 3dc712f8046fdc8b89c58c5689301050200676f8

COCOAPODS: 1.6.0.beta.1
